
Microsoft Visual Studio Solution File, Format Version 12.00
# Visual Studio Version 16
VisualStudioVersion = 16.0.30804.86
MinimumVisualStudioVersion = 10.0.40219.1
Project("{2150E333-8FDC-42A3-9474-1A3956D46DE8}") = "Core", "Core", "{DFEEA975-AF50-4DD6-A1CF-B591449B227D}"
EndProject
Project("{2150E333-8FDC-42A3-9474-1A3956D46DE8}") = "Common", "Common", "{FF1BDA9E-4415-474B-908D-33FBF0D9DD19}"
EndProject
Project("{2150E333-8FDC-42A3-9474-1A3956D46DE8}") = "Presentation", "Presentation", "{BD5B6B74-2553-4D9E-80F3-085C8D74F09C}"
EndProject
Project("{9A19103F-16F7-4668-BE54-9A1E7A4F7556}") = "Orchtech.DotNetTask.Common", "Orchtech.DotNetTask.Common\Orchtech.DotNetTask.Common.csproj", "{FB4A2C34-A255-47BD-AB7F-D750C5C7C0C8}"
EndProject
Project("{9A19103F-16F7-4668-BE54-9A1E7A4F7556}") = "Orchtech.DotNetTask.Domain", "Orchtech.DotNetTask.Domain\Orchtech.DotNetTask.Domain.csproj", "{099A651F-D10B-4F23-B6D4-C40AFE57D473}"
EndProject
Project("{9A19103F-16F7-4668-BE54-9A1E7A4F7556}") = "Orchtech.DotNetTask.Web.Api", "Orchtech.DotNetTask.Web.Api\Orchtech.DotNetTask.Web.Api.csproj", "{D9E3B99A-662A-4C5B-B2CF-6C1500A18B8C}"
EndProject
Project("{FAE04EC0-301F-11D3-BF4B-00C04F79EFBC}") = "Orchtech.DotNetTask.Web.Client", "Orchtech.DotNetTask.Web.Client\Orchtech.DotNetTask.Web.Client.csproj", "{5DBD0768-D222-48F5-BE21-150F22CC570D}"
EndProject
Global
	GlobalSection(SolutionConfigurationPlatforms) = preSolution
		Debug|Any CPU = Debug|Any CPU
		Release|Any CPU = Release|Any CPU
	EndGlobalSection
	GlobalSection(ProjectConfigurationPlatforms) = postSolution
		{FB4A2C34-A255-47BD-AB7F-D750C5C7C0C8}.Debug|Any CPU.ActiveCfg = Debug|Any CPU
		{FB4A2C34-A255-47BD-AB7F-D750C5C7C0C8}.Debug|Any CPU.Build.0 = Debug|Any CPU
		{FB4A2C34-A255-47BD-AB7F-D750C5C7C0C8}.Release|Any CPU.ActiveCfg = Release|Any CPU
		{FB4A2C34-A255-47BD-AB7F-D750C5C7C0C8}.Release|Any CPU.Build.0 = Release|Any CPU
		{099A651F-D10B-4F23-B6D4-C40AFE57D473}.Debug|Any CPU.ActiveCfg = Debug|Any CPU
		{099A651F-D10B-4F23-B6D4-C40AFE57D473}.Debug|Any CPU.Build.0 = Debug|Any CPU
		{099A651F-D10B-4F23-B6D4-C40AFE57D473}.Release|Any CPU.ActiveCfg = Release|Any CPU
		{099A651F-D10B-4F23-B6D4-C40AFE57D473}.Release|Any CPU.Build.0 = Release|Any CPU
		{D9E3B99A-662A-4C5B-B2CF-6C1500A18B8C}.Debug|Any CPU.ActiveCfg = Debug|Any CPU
		{D9E3B99A-662A-4C5B-B2CF-6C1500A18B8C}.Debug|Any CPU.Build.0 = Debug|Any CPU
		{D9E3B99A-662A-4C5B-B2CF-6C1500A18B8C}.Release|Any CPU.ActiveCfg = Release|Any CPU
		{D9E3B99A-662A-4C5B-B2CF-6C1500A18B8C}.Release|Any CPU.Build.0 = Release|Any CPU
		{5DBD0768-D222-48F5-BE21-150F22CC570D}.Debug|Any CPU.ActiveCfg = Debug|Any CPU
		{5DBD0768-D222-48F5-BE21-150F22CC570D}.Debug|Any CPU.Build.0 = Debug|Any CPU
		{5DBD0768-D222-48F5-BE21-150F22CC570D}.Release|Any CPU.ActiveCfg = Release|Any CPU
		{5DBD0768-D222-48F5-BE21-150F22CC570D}.Release|Any CPU.Build.0 = Release|Any CPU
	EndGlobalSection
	GlobalSection(SolutionProperties) = preSolution
		HideSolutionNode = FALSE
	EndGlobalSection
	GlobalSection(NestedProjects) = preSolution
		{FB4A2C34-A255-47BD-AB7F-D750C5C7C0C8} = {FF1BDA9E-4415-474B-908D-33FBF0D9DD19}
		{099A651F-D10B-4F23-B6D4-C40AFE57D473} = {DFEEA975-AF50-4DD6-A1CF-B591449B227D}
		{D9E3B99A-662A-4C5B-B2CF-6C1500A18B8C} = {BD5B6B74-2553-4D9E-80F3-085C8D74F09C}
		{5DBD0768-D222-48F5-BE21-150F22CC570D} = {BD5B6B74-2553-4D9E-80F3-085C8D74F09C}
	EndGlobalSection
	GlobalSection(ExtensibilityGlobals) = postSolution
		SolutionGuid = {2194F7EB-9DD3-4F21-BFD2-5A6CFDF18E02}
	EndGlobalSection
EndGlobal
